// !$*UTF8*$!
{
	archiveVersion = 1;
	classes = {
	};
	objectVersion = 46;
	objects = {

/* Begin PBXBuildFile section */
		F471C26E1F78D2F500091DFF /* main.m in Sources */ = {isa = PBXBuildFile; fileRef = F471C26D1F78D2F500091DFF /* main.m */; };
		F471C2711F78D2F500091DFF /* AppDelegate.m in Sources */ = {isa = PBXBuildFile; fileRef = F471C2701F78D2F500091DFF /* AppDelegate.m */; };
		F471C2741F78D2F500091DFF /* ViewController.m in Sources */ = {isa = PBXBuildFile; fileRef = F471C2731F78D2F500091DFF /* ViewController.m */; };
		F471C2771F78D2F500091DFF /* Main.storyboard in Resources */ = {isa = PBXBuildFile; fileRef = F471C2751F78D2F500091DFF /* Main.storyboard */; };
		F471C2791F78D2F500091DFF /* Assets.xcassets in Resources */ = {isa = PBXBuildFile; fileRef = F471C2781F78D2F500091DFF /* Assets.xcassets */; };
		F471C27C1F78D2F500091DFF /* LaunchScreen.storyboard in Resources */ = {isa = PBXBuildFile; fileRef = F471C27A1F78D2F500091DFF /* LaunchScreen.storyboard */; };
		F471C2851F78D47700091DFF /* NextViewController.m in Sources */ = {isa = PBXBuildFile; fileRef = F471C2841F78D47700091DFF /* NextViewController.m */; };
		F471C2881F78D6F000091DFF /* databaseLib.m in Sources */ = {isa = PBXBuildFile; fileRef = F471C2871F78D6F000091DFF /* databaseLib.m */; };
		F471C28B1F78D87A00091DFF /* libsqlite3.0.tbd in Frameworks */ = {isa = PBXBuildFile; fileRef = F471C28A1F78D87A00091DFF /* libsqlite3.0.tbd */; };
		F471C28E1F79064C00091DFF /* ThirdViewController.m in Sources */ = {isa = PBXBuildFile; fileRef = F471C28D1F79064C00091DFF /* ThirdViewController.m */; };
/* End PBXBuildFile section */

/* Begin PBXFileReference section */
		F471C2691F78D2F500091DFF /* day15ios_sqlite.app */ = {isa = PBXFileReference; explicitFileType = wrapper.application; includeInIndex = 0; path = day15ios_sqlite.app; sourceTree = BUILT_PRODUCTS_DIR; };
		F471C26D1F78D2F500091DFF /* main.m */ = {isa = PBXFileReference; lastKnownFileType = sourcecode.c.objc; path = main.m; sourceTree = "<group>"; };
		F471C26F1F78D2F500091DFF /* AppDelegate.h */ = {isa = PBXFileReference; lastKnownFileType = sourcecode.c.h; path = AppDelegate.h; sourceTree = "<group>"; };
		F471C2701F78D2F500091DFF /* AppDelegate.m */ = {isa = PBXFileReference; lastKnownFileType = sourcecode.c.objc; path = AppDelegate.m; sourceTree = "<group>"; };
		F471C2721F78D2F500091DFF /* ViewController.h */ = {isa = PBXFileReference; lastKnownFileType = sourcecode.c.h; path = ViewController.h; sourceTree = "<group>"; };
		F471C2731F78D2F500091DFF /* ViewController.m */ = {isa = PBXFileReference; lastKnownFileType = sourcecode.c.objc; path = ViewController.m; sourceTree = "<group>"; };
		F471C2761F78D2F500091DFF /* Base */ = {isa = PBXFileReference; lastKnownFileType = file.storyboard; name = Base; path = Base.lproj/Main.storyboard; sourceTree = "<group>"; };
		F471C2781F78D2F500091DFF /* Assets.xcassets */ = {isa = PBXFileReference; lastKnownFileType = folder.assetcatalog; path = Assets.xcassets; sourceTree = "<group>"; };
		F471C27B1F78D2F500091DFF /* Base */ = {isa = PBXFileReference; lastKnownFileType = file.storyboard; name = Base; path = Base.lproj/LaunchScreen.storyboard; sourceTree = "<group>"; };
		F471C27D1F78D2F500091DFF /* Info.plist */ = {isa = PBXFileReference; lastKnownFileType = text.plist.xml; path = Info.plist; sourceTree = "<group>"; };
		F471C2831F78D47700091DFF /* NextViewController.h */ = {isa = PBXFileReference; fileEncoding = 4; lastKnownFileType = sourcecode.c.h; path = NextViewController.h; sourceTree = "<group>"; };
		F471C2841F78D47700091DFF /* NextViewController.m */ = {isa = PBXFileReference; fileEncoding = 4; lastKnownFileType = sourcecode.c.objc; path = NextViewController.m; sourceTree = "<group>"; };
		F471C2861F78D6F000091DFF /* databaseLib.h */ = {isa = PBXFileReference; fileEncoding = 4; lastKnownFileType = sourcecode.c.h; path = databaseLib.h; sourceTree = "<group>"; };
		F471C2871F78D6F000091DFF /* databaseLib.m */ = {isa = PBXFileReference; fileEncoding = 4; lastKnownFileType = sourcecode.c.objc; path = databaseLib.m; sourceTree = "<group>"; };
		F471C28A1F78D87A00091DFF /* libsqlite3.0.tbd */ = {isa = PBXFileReference; lastKnownFileType = "sourcecode.text-based-dylib-definition"; name = libsqlite3.0.tbd; path = usr/lib/libsqlite3.0.tbd; sourceTree = SDKROOT; };
		F471C28C1F79064C00091DFF /* ThirdViewController.h */ = {isa = PBXFileReference; fileEncoding = 4; lastKnownFileType = sourcecode.c.h; path = ThirdViewController.h; sourceTree = "<group>"; };
		F471C28D1F79064C00091DFF /* ThirdViewController.m */ = {isa = PBXFileReference; fileEncoding = 4; lastKnownFileType = sourcecode.c.objc; path = ThirdViewController.m; sourceTree = "<group>"; };
/* End PBXFileReference section */

/* Begin PBXFrameworksBuildPhase section */
		F471C2661F78D2F500091DFF /* Frameworks */ = {
			isa = PBXFrameworksBuildPhase;
			buildActionMask = 2147483647;
			files = (
				F471C28B1F78D87A00091DFF /* libsqlite3.0.tbd in Frameworks */,
			);
			runOnlyForDeploymentPostprocessing = 0;
		};
/* End PBXFrameworksBuildPhase section */

/* Begin PBXGroup section */
		F471C2601F78D2F500091DFF = {
			isa = PBXGroup;
			children = (
				F471C26B1F78D2F500091DFF /* day15ios_sqlite */,
				F471C26A1F78D2F500091DFF /* Products */,
				F471C2891F78D87A00091DFF /* Frameworks */,
			);
			sourceTree = "<group>";
		};
		F471C26A1F78D2F500091DFF /* Products */ = {
			isa = PBXGroup;
			children = (
				F471C2691F78D2F500091DFF /* day15ios_sqlite.app */,
			);
			name = Products;
			sourceTree = "<group>";
		};
		F471C26B1F78D2F500091DFF /* day15ios_sqlite */ = {
			isa = PBXGroup;
			children = (
				F471C26F1F78D2F500091DFF /* AppDelegate.h */,
				F471C2701F78D2F500091DFF /* AppDelegate.m */,
				F471C2721F78D2F500091DFF /* ViewController.h */,
				F471C2731F78D2F500091DFF /* ViewController.m */,
				F471C2751F78D2F500091DFF /* Main.storyboard */,
				F471C2781F78D2F500091DFF /* Assets.xcassets */,
				F471C2831F78D47700091DFF /* NextViewController.h */,
				F471C2841F78D47700091DFF /* NextViewController.m */,
				F471C2861F78D6F000091DFF /* databaseLib.h */,
				F471C2871F78D6F000091DFF /* databaseLib.m */,
				F471C28C1F79064C00091DFF /* ThirdViewController.h */,
				F471C28D1F79064C00091DFF /* ThirdViewController.m */,
				F471C27A1F78D2F500091DFF /* LaunchScreen.storyboard */,
				F471C27D1F78D2F500091DFF /* Info.plist */,
				F471C26C1F78D2F500091DFF /* Supporting Files */,
			);
			path = day15ios_sqlite;
			sourceTree = "<group>";
		};
		F471C26C1F78D2F500091DFF /* Supporting Files */ = {
			isa = PBXGroup;
			children = (
				F471C26D1F78D2F500091DFF /* main.m */,
			);
			name = "Supporting Files";
			sourceTree = "<group>";
		};
		F471C2891F78D87A00091DFF /* Frameworks */ = {
			isa = PBXGroup;
			children = (
				F471C28A1F78D87A00091DFF /* libsqlite3.0.tbd */,
			);
			name = Frameworks;
			sourceTree = "<group>";
		};
/* End PBXGroup section */

/* Begin PBXNativeTarget section */
		F471C2681F78D2F500091DFF /* day15ios_sqlite */ = {
			isa = PBXNativeTarget;
			buildConfigurationList = F471C2801F78D2F500091DFF /* Build configuration list for PBXNativeTarget "day15ios_sqlite" */;
			buildPhases = (
				F471C2651F78D2F500091DFF /* Sources */,
				F471C2661F78D2F500091DFF /* Frameworks */,
				F471C2671F78D2F500091DFF /* Resources */,
			);
			buildRules = (
			);
			dependencies = (
			);
			name = day15ios_sqlite;
			productName = day15ios_sqlite;
			productReference = F471C2691F78D2F500091DFF /* day15ios_sqlite.app */;
			productType = "com.apple.product-type.application";
		};
/* End PBXNativeTarget section */

/* Begin PBXProject section */
		F471C2611F78D2F500091DFF /* Project object */ = {
			isa = PBXProject;
			attributes = {
				LastUpgradeCheck = 0820;
				ORGANIZATIONNAME = mohini;
				TargetAttributes = {
					F471C2681F78D2F500091DFF = {
						CreatedOnToolsVersion = 8.2;
						ProvisioningStyle = Automatic;
					};
				};
			};
			buildConfigurationList = F471C2641F78D2F500091DFF /* Build configuration list for PBXProject "day15ios_sqlite" */;
			compatibilityVersion = "Xcode 3.2";
			developmentRegion = English;
			hasScannedForEncodings = 0;
			knownRegions = (
				en,
				Base,
			);
			mainGroup = F471C2601F78D2F500091DFF;
			productRefGroup = F471C26A1F78D2F500091DFF /* Products */;
			projectDirPath = "";
			projectRoot = "";
			targets = (
				F471C2681F78D2F500091DFF /* day15ios_sqlite */,
			);
		};
/* End PBXProject section */

/* Begin PBXResourcesBuildPhase section */
		F471C2671F78D2F500091DFF /* Resources */ = {
			isa = PBXResourcesBuildPhase;
			buildActionMask = 2147483647;
			files = (
				F471C27C1F78D2F500091DFF /* LaunchScreen.storyboard in Resources */,
				F471C2791F78D2F500091DFF /* Assets.xcassets in Resources */,
				F471C2771F78D2F500091DFF /* Main.storyboard in Resources */,
			);
			runOnlyForDeploymentPostprocessing = 0;
		};
/* End PBXResourcesBuildPhase section */

/* Begin PBXSourcesBuildPhase section */
		F471C2651F78D2F500091DFF /* Sources */ = {
			isa = PBXSourcesBuildPhase;
			buildActionMask = 2147483647;
			files = (
				F471C2741F78D2F500091DFF /* ViewController.m in Sources */,
				F471C2851F78D47700091DFF /* NextViewController.m in Sources */,
				F471C28E1F79064C00091DFF /* ThirdViewController.m in Sources */,
				F471C2711F78D2F500091DFF /* AppDelegate.m in Sources */,
				F471C26E1F78D2F500091DFF /* main.m in Sources */,
				F471C2881F78D6F000091DFF /* databaseLib.m in Sources */,
			);
			runOnlyForDeploymentPostprocessing = 0;
		};
/* End PBXSourcesBuildPhase section */

/* Begin PBXVariantGroup section */
		F471C2751F78D2F500091DFF /* Main.storyboard */ = {
			isa = PBXVariantGroup;
			children = (
				F471C2761F78D2F500091DFF /* Base */,
			);
			name = Main.storyboard;
			sourceTree = "<group>";
		};
		F471C27A1F78D2F500091DFF /* LaunchScreen.storyboard */ = {
			isa = PBXVariantGroup;
			children = (
				F471C27B1F78D2F500091DFF /* Base */,
			);
			name = LaunchScreen.storyboard;
			sourceTree = "<group>";
		};
/* End PBXVariantGroup section */

/* Begin XCBuildConfiguration section */
		F471C27E1F78D2F500091DFF /* Debug */ = {
			isa = XCBuildConfiguration;
			buildSettings = {
				ALWAYS_SEARCH_USER_PATHS = NO;
				CLANG_ANALYZER_NONNULL = YES;
				CLANG_CXX_LANGUAGE_STANDARD = "gnu++0x";
				CLANG_CXX_LIBRARY = "libc++";
				CLANG_ENABLE_MODULES = YES;
				CLANG_ENABLE_OBJC_ARC = YES;
				CLANG_WARN_BOOL_CONVERSION = YES;
				CLANG_WARN_CONSTANT_CONVERSION = YES;
				CLANG_WARN_DIRECT_OBJC_ISA_USAGE = YES_ERROR;
				CLANG_WARN_DOCUMENTATION_COMMENTS = YES;
				CLANG_WARN_EMPTY_BODY = YES;
				CLANG_WARN_ENUM_CONVERSION = YES;
				CLANG_WARN_INFINITE_RECURSION = YES;
				CLANG_WARN_INT_CONVERSION = YES;
				CLANG_WARN_OBJC_ROOT_CLASS = YES_ERROR;
				CLANG_WARN_SUSPICIOUS_MOVE = YES;
				CLANG_WARN_UNREACHABLE_CODE = YES;
				CLANG_WARN__DUPLICATE_METHOD_MATCH = YES;
				"CODE_SIGN_IDENTITY[sdk=iphoneos*]" = "iPhone Developer";
				COPY_PHASE_STRIP = NO;
				DEBUG_INFORMATION_FORMAT = dwarf;
				ENABLE_STRICT_OBJC_MSGSEND = YES;
				ENABLE_TESTABILITY = YES;
				GCC_C_LANGUAGE_STANDARD = gnu99;
				GCC_DYNAMIC_NO_PIC = NO;
				GCC_NO_COMMON_BLOCKS = YES;
				GCC_OPTIMIZATION_LEVEL = 0;
				GCC_PREPROCESSOR_DEFINITIONS = (
					"DEBUG=1",
					"$(inherited)",
				);
				GCC_WARN_64_TO_32_BIT_CONVERSION = YES;
				GCC_WARN_ABOUT_RETURN_TYPE = YES_ERROR;
				GCC_WARN_UNDECLARED_SELECTOR = YES;
				GCC_WARN_UNINITIALIZED_AUTOS = YES_AGGRESSIVE;
				GCC_WARN_UNUSED_FUNCTION = YES;
				GCC_WARN_UNUSED_VARIABLE = YES;
				IPHONEOS_DEPLOYMENT_TARGET = 10.2;
				MTL_ENABLE_DEBUG_INFO = YES;
				ONLY_ACTIVE_ARCH = YES;
				SDKROOT = iphoneos;
				TARGETED_DEVICE_FAMILY = "1,2";
			};
			name = Debug;
		};
		F471C27F1F78D2F500091DFF /* Release */ = {
			isa = XCBuildConfiguration;
			buildSettings = {
				ALWAYS_SEARCH_USER_PATHS = NO;
				CLANG_ANALYZER_NONNULL = YES;
				CLANG_CXX_LANGUAGE_STANDARD = "gnu++0x";
				CLANG_CXX_LIBRARY = "libc++";
				CLANG_ENABLE_MODULES = YES;
				CLANG_ENABLE_OBJC_ARC = YES;
				CLANG_WARN_BOOL_CONVERSION = YES;
				CLANG_WARN_CONSTANT_CONVERSION = YES;
				CLANG_WARN_DIRECT_OBJC_ISA_USAGE = YES_ERROR;
				CLANG_WARN_DOCUMENTATION_COMMENTS = YES;
				CLANG_WARN_EMPTY_BODY = YES;
				CLANG_WARN_ENUM_CONVERSION = YES;
				CLANG_WARN_INFINITE_RECURSION = YES;
				CLANG_WARN_INT_CONVERSION = YES;
				CLANG_WARN_OBJC_ROOT_CLASS = YES_ERROR;
				CLANG_WARN_SUSPICIOUS_MOVE = YES;
				CLANG_WARN_UNREACHABLE_CODE = YES;
				CLANG_WARN__DUPLICATE_METHOD_MATCH = YES;
				"CODE_SIGN_IDENTITY[sdk=iphoneos*]" = "iPhone Developer";
				COPY_PHASE_STRIP = NO;
				DEBUG_INFORMATION_FORMAT = "dwarf-with-dsym";
				ENABLE_NS_ASSERTIONS = NO;
				ENABLE_STRICT_OBJC_MSGSEND = YES;
				GCC_C_LANGUAGE_STANDARD = gnu99;
				GCC_NO_COMMON_BLOCKS = YES;
				GCC_WARN_64_TO_32_BIT_CONVERSION = YES;
				GCC_WARN_ABOUT_RETURN_TYPE = YES_ERROR;
				GCC_WARN_UNDECLARED_SELECTOR = YES;
				GCC_WARN_UNINITIALIZED_AUTOS = YES_AGGRESSIVE;
				GCC_WARN_UNUSED_FUNCTION = YES;
				GCC_WARN_UNUSED_VARIABLE = YES;
				IPHONEOS_DEPLOYMENT_TARGET = 10.2;
				MTL_ENABLE_DEBUG_INFO = NO;
				SDKROOT = iphoneos;
				TARGETED_DEVICE_FAMILY = "1,2";
				VALIDATE_PRODUCT = YES;
			};
			name = Release;
		};
		F471C2811F78D2F500091DFF /* Debug */ = {
			isa = XCBuildConfiguration;
			buildSettings = {
				ASSETCATALOG_COMPILER_APPICON_NAME = AppIcon;
				INFOPLIST_FILE = day15ios_sqlite/Info.plist;
				LD_RUNPATH_SEARCH_PATHS = "$(inherited) @executable_path/Frameworks";
				PRODUCT_BUNDLE_IDENTIFIER = "mohini.day15ios-sqlite";
				PRODUCT_NAME = "$(TARGET_NAME)";
			};
			name = Debug;
		};
		F471C2821F78D2F500091DFF /* Release */ = {
			isa = XCBuildConfiguration;
			buildSettings = {
				ASSETCATALOG_COMPILER_APPICON_NAME = AppIcon;
				INFOPLIST_FILE = day15ios_sqlite/Info.plist;
				LD_RUNPATH_SEARCH_PATHS = "$(inherited) @executable_path/Frameworks";
				PRODUCT_BUNDLE_IDENTIFIER = "mohini.day15ios-sqlite";
				PRODUCT_NAME = "$(TARGET_NAME)";
			};
			name = Release;
		};
/* End XCBuildConfiguration section */

/* Begin XCConfigurationList section */
		F471C2641F78D2F500091DFF /* Build configuration list for PBXProject "day15ios_sqlite" */ = {
			isa = XCConfigurationList;
			buildConfigurations = (
				F471C27E1F78D2F500091DFF /* Debug */,
				F471C27F1F78D2F500091DFF /* Release */,
			);
			defaultConfigurationIsVisible = 0;
			defaultConfigurationName = Release;
		};
		F471C2801F78D2F500091DFF /* Build configuration list for PBXNativeTarget "day15ios_sqlite" */ = {
			isa = XCConfigurationList;
			buildConfigurations = (
				F471C2811F78D2F500091DFF /* Debug */,
				F471C2821F78D2F500091DFF /* Release */,
			);
			defaultConfigurationIsVisible = 0;
		};
/* End XCConfigurationList section */
	};
	rootObject = F471C2611F78D2F500091DFF /* Project object */;
}
